<?xml version="1.0" encoding="utf-8"?>
<Project ToolsVersion="4.0" xmlns="http://schemas.microsoft.com/developer/msbuild/2003">
  <ItemGroup>
    <Filter Include="源文件">
      <UniqueIdentifier>{4FC737F1-C7A5-4376-A066-2A32D752A2FF}</UniqueIdentifier>
      <Extensions>cpp;c;cc;cxx;c++;cppm;ixx;def;odl;idl;hpj;bat;asm;asmx</Extensions>
    </Filter>
    <Filter Include="头文件">
      <UniqueIdentifier>{93995380-89BD-4b04-88EB-625FBE52EBFB}</UniqueIdentifier>
      <Extensions>h;hh;hpp;hxx;h++;hm;inl;inc;ipp;xsd</Extensions>
    </Filter>
    <Filter Include="资源文件">
      <UniqueIdentifier>{67DA6AB6-F800-4c08-8B7A-83BB121AAD01}</UniqueIdentifier>
      <Extensions>rc;ico;cur;bmp;dlg;rc2;rct;bin;rgs;gif;jpg;jpeg;jpe;resx;tiff;tif;png;wav;mfcribbon-ms</Extensions>
    </Filter>
    <Filter Include="src">
      <UniqueIdentifier>{36dd6736-9eec-482a-82fe-1762303b765c}</UniqueIdentifier>
    </Filter>
  </ItemGroup>
  <ItemGroup>
    <ClInclude Include="GlobalFile.h">
      <Filter>头文件</Filter>
    </ClInclude>
    <ClInclude Include="Identity.h">
      <Filter>头文件</Filter>
    </ClInclude>
    <ClInclude Include="Manager.h">
      <Filter>头文件</Filter>
    </ClInclude>
    <ClInclude Include="Student.h">
      <Filter>头文件</Filter>
    </ClInclude>
    <ClInclude Include="Teacher.h">
      <Filter>头文件</Filter>
    </ClInclude>
    <ClInclude Include="OutPutMessages.h">
      <Filter>头文件</Filter>
    </ClInclude>
    <ClInclude Include="ManagerLogin.h">
      <Filter>头文件</Filter>
    </ClInclude>
    <ClInclude Include="StudentLogin.h">
      <Filter>头文件</Filter>
    </ClInclude>
    <ClInclude Include="TeacherLogin.h">
      <Filter>头文件</Filter>
    </ClInclude>
    <ClInclude Include="ManagerSecondMenuIn.h">
      <Filter>头文件</Filter>
    </ClInclude>
    <ClInclude Include="StudentSecondMenuIn.h">
      <Filter>头文件</Filter>
    </ClInclude>
    <ClInclude Include="TeacherSecondMenuIn.h">
      <Filter>头文件</Filter>
    </ClInclude>
    <ClInclude Include="ComputerRoom.h">
      <Filter>头文件</Filter>
    </ClInclude>
    <ClInclude Include="OrderFile.h">
      <Filter>头文件</Filter>
    </ClInclude>
    <ClInclude Include="ExceptionLog.h">
      <Filter>头文件</Filter>
    </ClInclude>
    <ClInclude Include="Utils.h">
      <Filter>头文件</Filter>
    </ClInclude>
    <ClInclude Include="Aes.h">
      <Filter>头文件</Filter>
    </ClInclude>
    <ClInclude Include="VertificationCode.h">
      <Filter>头文件</Filter>
    </ClInclude>
  </ItemGroup>
  <ItemGroup>
    <ClCompile Include="Main.cpp">
      <Filter>源文件</Filter>
    </ClCompile>
    <ClCompile Include="Manager.cpp">
      <Filter>源文件</Filter>
    </ClCompile>
    <ClCompile Include="Student.cpp">
      <Filter>源文件</Filter>
    </ClCompile>
    <ClCompile Include="Teacher.cpp">
      <Filter>源文件</Filter>
    </ClCompile>
    <ClCompile Include="StudentLogin.cpp">
      <Filter>源文件</Filter>
    </ClCompile>
    <ClCompile Include="TeacherLogin.cpp">
      <Filter>源文件</Filter>
    </ClCompile>
    <ClCompile Include="ManagerLogin.cpp">
      <Filter>源文件</Filter>
    </ClCompile>
    <ClCompile Include="OutPutMessages.cpp">
      <Filter>源文件</Filter>
    </ClCompile>
    <ClCompile Include="ManagerSecondMenuIn.cpp">
      <Filter>源文件</Filter>
    </ClCompile>
    <ClCompile Include="StudentSecondMenuIn.cpp">
      <Filter>源文件</Filter>
    </ClCompile>
    <ClCompile Include="TeacherSecondMenuIn.cpp">
      <Filter>源文件</Filter>
    </ClCompile>
    <ClCompile Include="Identity.cpp">
      <Filter>源文件</Filter>
    </ClCompile>
    <ClCompile Include="ComputerRoom.cpp">
      <Filter>源文件</Filter>
    </ClCompile>
    <ClCompile Include="OrderFile.cpp">
      <Filter>源文件</Filter>
    </ClCompile>
    <ClCompile Include="ExceptionLog.cpp">
      <Filter>源文件</Filter>
    </ClCompile>
    <ClCompile Include="Utils.cpp">
      <Filter>源文件</Filter>
    </ClCompile>
    <ClCompile Include="Aes.cpp">
      <Filter>源文件</Filter>
    </ClCompile>
    <ClCompile Include="VertificationCode.cpp">
      <Filter>源文件</Filter>
    </ClCompile>
  </ItemGroup>
  <ItemGroup>
    <Text Include="Admin.txt">
      <Filter>src</Filter>
    </Text>
    <Text Include="ComputerRoom.txt">
      <Filter>src</Filter>
    </Text>
    <Text Include="Order.txt">
      <Filter>src</Filter>
    </Text>
    <Text Include="Student.txt">
      <Filter>src</Filter>
    </Text>
    <Text Include="Teacher.txt">
      <Filter>src</Filter>
    </Text>
    <Text Include="ExceptionLog.txt">
      <Filter>src</Filter>
    </Text>
    <Text Include="Key.txt">
      <Filter>src</Filter>
    </Text>
    <Text Include="Aes字典.txt">
      <Filter>src</Filter>
    </Text>
  </ItemGroup>
  <ItemGroup>
    <None Include="项目结构.txt">
      <Filter>资源文件</Filter>
    </None>
  </ItemGroup>
</Project>