<?xml version="1.0" encoding="utf-8"?>
<Project ToolsVersion="4.0" xmlns="http://schemas.microsoft.com/developer/msbuild/2003">
  <ItemGroup>
    <Filter Include="源文件">
      <UniqueIdentifier>{4FC737F1-C7A5-4376-A066-2A32D752A2FF}</UniqueIdentifier>
      <Extensions>cpp;c;cc;cxx;c++;cppm;ixx;def;odl;idl;hpj;bat;asm;asmx</Extensions>
    </Filter>
    <Filter Include="头文件">
      <UniqueIdentifier>{93995380-89BD-4b04-88EB-625FBE52EBFB}</UniqueIdentifier>
      <Extensions>h;hh;hpp;hxx;h++;hm;inl;inc;ipp;xsd</Extensions>
    </Filter>
    <Filter Include="资源文件">
      <UniqueIdentifier>{67DA6AB6-F800-4c08-8B7A-83BB121AAD01}</UniqueIdentifier>
      <Extensions>rc;ico;cur;bmp;dlg;rc2;rct;bin;rgs;gif;jpg;jpeg;jpe;resx;tiff;tif;png;wav;mfcribbon-ms</Extensions>
    </Filter>
    <Filter Include="src">
      <UniqueIdentifier>{36dd6736-9eec-482a-82fe-1762303b765c}</UniqueIdentifier>
    </Filter>
  </ItemGroup>
  <ItemGroup>
    <ClInclude Include="Identity.h">
      <Filter>头文件</Filter>
    </ClInclude>
    <ClInclude Include="Manager.h">
      <Filter>头文件</Filter>
    </ClInclude>
    <ClInclude Include="Student.h">
      <Filter>头文件</Filter>
    </ClInclude>
    <ClInclude Include="Teacher.h">
      <Filter>头文件</Filter>
    </ClInclude>
    <ClInclude Include="CaptchaUtils.h">
      <Filter>头文件</Filter>
    </ClInclude>
    <ClInclude Include="DatabaseManager.h">
      <Filter>头文件</Filter>
    </ClInclude>
    <ClInclude Include="EncryptionManager.h">
      <Filter>头文件</Filter>
    </ClInclude>
    <ClInclude Include="EncryptionUtils.h">
      <Filter>头文件</Filter>
    </ClInclude>
    <ClInclude Include="Log.h">
      <Filter>头文件</Filter>
    </ClInclude>
    <ClInclude Include="LoginManager.h">
      <Filter>头文件</Filter>
    </ClInclude>
    <ClInclude Include="LogManager.h">
      <Filter>头文件</Filter>
    </ClInclude>
    <ClInclude Include="ManagerDAO.h">
      <Filter>头文件</Filter>
    </ClInclude>
    <ClInclude Include="ManagerDTO.h">
      <Filter>头文件</Filter>
    </ClInclude>
    <ClInclude Include="ManagerMenu.h">
      <Filter>头文件</Filter>
    </ClInclude>
    <ClInclude Include="MessageManager.h">
      <Filter>头文件</Filter>
    </ClInclude>
    <ClInclude Include="ReservationDAO.h">
      <Filter>头文件</Filter>
    </ClInclude>
    <ClInclude Include="ReservationDTO.h">
      <Filter>头文件</Filter>
    </ClInclude>
    <ClInclude Include="ReservationManager.h">
      <Filter>头文件</Filter>
    </ClInclude>
    <ClInclude Include="ComputerRoomManager.h">
      <Filter>头文件</Filter>
    </ClInclude>
    <ClInclude Include="StudentDAO.h">
      <Filter>头文件</Filter>
    </ClInclude>
    <ClInclude Include="StudentDTO.h">
      <Filter>头文件</Filter>
    </ClInclude>
    <ClInclude Include="StudentMenu.h">
      <Filter>头文件</Filter>
    </ClInclude>
    <ClInclude Include="TeacherDAO.h">
      <Filter>头文件</Filter>
    </ClInclude>
    <ClInclude Include="TeacherDTO.h">
      <Filter>头文件</Filter>
    </ClInclude>
    <ClInclude Include="TeacherMenu.h">
      <Filter>头文件</Filter>
    </ClInclude>
    <ClInclude Include="TimeUtils.h">
      <Filter>头文件</Filter>
    </ClInclude>
    <ClInclude Include="VerificationCodeManager.h">
      <Filter>头文件</Filter>
    </ClInclude>
    <ClInclude Include="ExceptionLog.h">
      <Filter>头文件</Filter>
    </ClInclude>
    <ClInclude Include="SQLInjectionProtection.h">
      <Filter>头文件</Filter>
    </ClInclude>
    <ClInclude Include="DLLInjectionProtection.h">
      <Filter>头文件</Filter>
    </ClInclude>
    <ClInclude Include="GlobalFile.h">
      <Filter>头文件</Filter>
    </ClInclude>
    <ClInclude Include="RegexValidator.h">
      <Filter>头文件</Filter>
    </ClInclude>
    <ClInclude Include="ComputerRoomDAO.h">
      <Filter>头文件</Filter>
    </ClInclude>
    <ClInclude Include="ComputerRoomDTO.h">
      <Filter>头文件</Filter>
    </ClInclude>
  </ItemGroup>
  <ItemGroup>
    <ClCompile Include="Manager.cpp">
      <Filter>源文件</Filter>
    </ClCompile>
    <ClCompile Include="Student.cpp">
      <Filter>源文件</Filter>
    </ClCompile>
    <ClCompile Include="Teacher.cpp">
      <Filter>源文件</Filter>
    </ClCompile>
    <ClCompile Include="CaptchaUtils.cpp">
      <Filter>源文件</Filter>
    </ClCompile>
    <ClCompile Include="DatabaseManager.cpp">
      <Filter>源文件</Filter>
    </ClCompile>
    <ClCompile Include="EncryptionManager.cpp">
      <Filter>源文件</Filter>
    </ClCompile>
    <ClCompile Include="EncryptionUtils.cpp">
      <Filter>源文件</Filter>
    </ClCompile>
    <ClCompile Include="Log.cpp">
      <Filter>源文件</Filter>
    </ClCompile>
    <ClCompile Include="LoginManager.cpp">
      <Filter>源文件</Filter>
    </ClCompile>
    <ClCompile Include="LogManager.cpp">
      <Filter>源文件</Filter>
    </ClCompile>
    <ClCompile Include="ManagerDAO.cpp">
      <Filter>源文件</Filter>
    </ClCompile>
    <ClCompile Include="ManagerDTO.cpp">
      <Filter>源文件</Filter>
    </ClCompile>
    <ClCompile Include="ManagerMenu.cpp">
      <Filter>源文件</Filter>
    </ClCompile>
    <ClCompile Include="MessageManager.cpp">
      <Filter>源文件</Filter>
    </ClCompile>
    <ClCompile Include="ReservationDAO.cpp">
      <Filter>源文件</Filter>
    </ClCompile>
    <ClCompile Include="ReservationDTO.cpp">
      <Filter>源文件</Filter>
    </ClCompile>
    <ClCompile Include="ReservationManager.cpp">
      <Filter>源文件</Filter>
    </ClCompile>
    <ClCompile Include="ComputerRoomManager.cpp">
      <Filter>源文件</Filter>
    </ClCompile>
    <ClCompile Include="StudentDAO.cpp">
      <Filter>源文件</Filter>
    </ClCompile>
    <ClCompile Include="StudentDTO.cpp">
      <Filter>源文件</Filter>
    </ClCompile>
    <ClCompile Include="StudentMenu.cpp">
      <Filter>源文件</Filter>
    </ClCompile>
    <ClCompile Include="TeacherDAO.cpp">
      <Filter>源文件</Filter>
    </ClCompile>
    <ClCompile Include="TeacherDTO.cpp">
      <Filter>源文件</Filter>
    </ClCompile>
    <ClCompile Include="TeacherMenu.cpp">
      <Filter>源文件</Filter>
    </ClCompile>
    <ClCompile Include="TimeUtils.cpp">
      <Filter>源文件</Filter>
    </ClCompile>
    <ClCompile Include="VerificationCodeManager.cpp">
      <Filter>源文件</Filter>
    </ClCompile>
    <ClCompile Include="ExceptionLog.cpp">
      <Filter>源文件</Filter>
    </ClCompile>
    <ClCompile Include="SQLInjectionProtection.cpp">
      <Filter>源文件</Filter>
    </ClCompile>
    <ClCompile Include="DLLInjectionProtection.cpp">
      <Filter>源文件</Filter>
    </ClCompile>
    <ClCompile Include="Main.cpp">
      <Filter>源文件</Filter>
    </ClCompile>
    <ClCompile Include="RegexValidator.cpp">
      <Filter>源文件</Filter>
    </ClCompile>
    <ClCompile Include="ComputerRoomDAO.cpp">
      <Filter>源文件</Filter>
    </ClCompile>
    <ClCompile Include="ComputerRoomDTO.cpp">
      <Filter>源文件</Filter>
    </ClCompile>
  </ItemGroup>
  <ItemGroup>
    <Text Include="Admin.txt">
      <Filter>src</Filter>
    </Text>
    <Text Include="ComputerRoom.txt">
      <Filter>src</Filter>
    </Text>
    <Text Include="Order.txt">
      <Filter>src</Filter>
    </Text>
    <Text Include="Student.txt">
      <Filter>src</Filter>
    </Text>
    <Text Include="Teacher.txt">
      <Filter>src</Filter>
    </Text>
    <Text Include="ExceptionLog.txt">
      <Filter>src</Filter>
    </Text>
    <Text Include="Key.txt">
      <Filter>src</Filter>
    </Text>
    <Text Include="Aes字典.txt">
      <Filter>src</Filter>
    </Text>
  </ItemGroup>
  <ItemGroup>
    <None Include="项目结构.md" />
    <None Include="开发日志.md" />
  </ItemGroup>
</Project>